# THIS IS AN AUTOGENERATED FILE. DO NOT EDIT THIS FILE DIRECTLY.
# yarn lockfile v1


conf@^1.0.0:
  version "1.4.0"
  resolved "http://registry.npm.taobao.org/conf/download/conf-1.4.0.tgz#1ea66c9d7a9b601674a5bb9d2b8dc3c726625e67"
  dependencies:
    dot-prop "^4.1.0"
    env-paths "^1.0.0"
    make-dir "^1.0.0"
    pkg-up "^2.0.0"
    write-file-atomic "^2.3.0"

dot-prop@^4.1.0:
  version "4.2.0"
  resolved "http://registry.npm.taobao.org/dot-prop/download/dot-prop-4.2.0.tgz#1f19e0c2e1aa0e32797c49799f2837ac6af69c57"
  dependencies:
    is-obj "^1.0.0"

electron-config@^1.0.0:
  version "1.0.0"
  resolved "http://registry.npm.taobao.org/electron-config/download/electron-config-1.0.0.tgz#069d044cc794f04784ae72f12916725d3c8c39af"
  dependencies:
    conf "^1.0.0"

electron-is-dev@^0.1.2:
  version "0.1.2"
  resolved "http://registry.npm.taobao.org/electron-is-dev/download/electron-is-dev-0.1.2.tgz#8a1043e32b3a1da1c3f553dce28ce764246167e3"

electron-is@^2.4.0:
  version "2.4.0"
  resolved "http://registry.npm.taobao.org/electron-is/download/electron-is-2.4.0.tgz#69f65607d7d264ea0a476d552190aa2b01865f52"
  dependencies:
    electron-is-dev "^0.1.2"
    semver "^5.3.0"

electron-log@^2.2.14:
  version "2.2.14"
  resolved "http://registry.npm.taobao.org/electron-log/download/electron-log-2.2.14.tgz#2123319ccb8d70b0db07f0eda57d5823cb42b4b0"

env-paths@^1.0.0:
  version "1.0.0"
  resolved "http://registry.npm.taobao.org/env-paths/download/env-paths-1.0.0.tgz#4168133b42bb05c38a35b1ae4397c8298ab369e0"

find-up@^2.1.0:
  version "2.1.0"
  resolved "http://registry.npm.taobao.org/find-up/download/find-up-2.1.0.tgz#45d1b7e506c717ddd482775a2b77920a3c0c57a7"
  dependencies:
    locate-path "^2.0.0"

graceful-fs@^4.1.11:
  version "4.1.11"
  resolved "http://registry.npm.taobao.org/graceful-fs/download/graceful-fs-4.1.11.tgz#0e8bdfe4d1ddb8854d64e04ea7c00e2a026e5658"

imurmurhash@^0.1.4:
  version "0.1.4"
  resolved "http://registry.npm.taobao.org/imurmurhash/download/imurmurhash-0.1.4.tgz#9218b9b2b928a238b13dc4fb6b6d576f231453ea"

is-obj@^1.0.0:
  version "1.0.1"
  resolved "http://registry.npm.taobao.org/is-obj/download/is-obj-1.0.1.tgz#3e4729ac1f5fde025cd7d83a896dab9f4f67db0f"

locate-path@^2.0.0:
  version "2.0.0"
  resolved "http://registry.npm.taobao.org/locate-path/download/locate-path-2.0.0.tgz#2b568b265eec944c6d9c0de9c3dbbbca0354cd8e"
  dependencies:
    p-locate "^2.0.0"
    path-exists "^3.0.0"

make-dir@^1.0.0:
  version "1.2.0"
  resolved "http://registry.npm.taobao.org/make-dir/download/make-dir-1.2.0.tgz#6d6a49eead4aae296c53bbf3a1a008bd6c89469b"
  dependencies:
    pify "^3.0.0"

p-limit@^1.1.0:
  version "1.2.0"
  resolved "http://registry.npm.taobao.org/p-limit/download/p-limit-1.2.0.tgz#0e92b6bedcb59f022c13d0f1949dc82d15909f1c"
  dependencies:
    p-try "^1.0.0"

p-locate@^2.0.0:
  version "2.0.0"
  resolved "http://registry.npm.taobao.org/p-locate/download/p-locate-2.0.0.tgz#20a0103b222a70c8fd39cc2e580680f3dde5ec43"
  dependencies:
    p-limit "^1.1.0"

p-try@^1.0.0:
  version "1.0.0"
  resolved "http://registry.npm.taobao.org/p-try/download/p-try-1.0.0.tgz#cbc79cdbaf8fd4228e13f621f2b1a237c1b207b3"

path-exists@^3.0.0:
  version "3.0.0"
  resolved "http://registry.npm.taobao.org/path-exists/download/path-exists-3.0.0.tgz#ce0ebeaa5f78cb18925ea7d810d7b59b010fd515"

pify@^3.0.0:
  version "3.0.0"
  resolved "http://registry.npm.taobao.org/pify/download/pify-3.0.0.tgz#e5a4acd2c101fdf3d9a4d07f0dbc4db49dd28176"

pkg-up@^2.0.0:
  version "2.0.0"
  resolved "http://registry.npm.taobao.org/pkg-up/download/pkg-up-2.0.0.tgz#c819ac728059a461cab1c3889a2be3c49a004d7f"
  dependencies:
    find-up "^2.1.0"

semver@^5.3.0:
  version "5.5.0"
  resolved "http://registry.npm.taobao.org/semver/download/semver-5.5.0.tgz#dc4bbc7a6ca9d916dee5d43516f0092b58f7b8ab"

signal-exit@^3.0.2:
  version "3.0.2"
  resolved "http://registry.npm.taobao.org/signal-exit/download/signal-exit-3.0.2.tgz#b5fdc08f1287ea1178628e415e25132b73646c6d"

write-file-atomic@^2.3.0:
  version "2.3.0"
  resolved "http://registry.npm.taobao.org/write-file-atomic/download/write-file-atomic-2.3.0.tgz#1ff61575c2e2a4e8e510d6fa4e243cce183999ab"
  dependencies:
    graceful-fs "^4.1.11"
    imurmurhash "^0.1.4"
    signal-exit "^3.0.2"
